{
  "name": "mufasa",
  "version": "1.0.0",
  "lockfileVersion": 3,
  "requires": true,
  "packages": {
    "": {
      "name": "mufasa",
      "version": "1.0.0",
      "license": "ISC",
      "dependencies": {
        "dotenv": "^16.4.5",
        "np2": "^1.0.2"
      }
    },
    "node_modules/dotenv": {
      "version": "16.4.5",
      "resolved": "https://registry.npmjs.org/dotenv/-/dotenv-16.4.5.tgz",
      "integrity": "sha512-ZmdL2rui+eB2YwhsWzjInR8LldtZHGDoQ1ugH85ppHKwpUHL7j7rN0Ti9NCnGiQbhaZ11FpR+7ao1dNsmduNUg==",
      "engines": {
        "node": ">=12"
      },
      "funding": {
        "url": "https://dotenvx.com"
      }
    },
    "node_modules/np2": {
      "version": "1.0.2",
      "resolved": "https://registry.npmjs.org/np2/-/np2-1.0.2.tgz",
      "integrity": "sha512-OE1fqhqWFZot+aBUX5JMbnv2FkI++yBTQV89/2lE65y9x7Hgk2uj6dyzQoaQZUgOafKKSj2rHMEJDNJsAUwh4g=="
    }
  }
}
